
Microsoft Visual Studio Solution File, Format Version 12.00
# Visual Studio 15
VisualStudioVersion = 15.0.26730.3
MinimumVisualStudioVersion = 10.0.40219.1
Project("{FAE04EC0-301F-11D3-BF4B-00C04F79EFBC}") = "GST_Biller", "GST_Biller\GST_Biller.csproj", "{99DF5660-04DE-4112-9DFF-DD5E9F2E6D9B}"
EndProject
Global
	GlobalSection(SolutionConfigurationPlatforms) = preSolution
		Debug|Any CPU = Debug|Any CPU
		Release|Any CPU = Release|Any CPU
	EndGlobalSection
	GlobalSection(ProjectConfigurationPlatforms) = postSolution
		{99DF5660-04DE-4112-9DFF-DD5E9F2E6D9B}.Debug|Any CPU.ActiveCfg = Debug|Any CPU
		{99DF5660-04DE-4112-9DFF-DD5E9F2E6D9B}.Debug|Any CPU.Build.0 = Debug|Any CPU
		{99DF5660-04DE-4112-9DFF-DD5E9F2E6D9B}.Release|Any CPU.ActiveCfg = Release|Any CPU
		{99DF5660-04DE-4112-9DFF-DD5E9F2E6D9B}.Release|Any CPU.Build.0 = Release|Any CPU
	EndGlobalSection
	GlobalSection(SolutionProperties) = preSolution
		HideSolutionNode = FALSE
	EndGlobalSection
	GlobalSection(ExtensibilityGlobals) = postSolution
		SolutionGuid = {024E98B1-B8AB-41EC-B94C-0AC4F8D5A197}
	EndGlobalSection
EndGlobal
